Microsoft Visual Studio Solution File, Format Version 12.00
# Visual Studio Version 17
VisualStudioVersion = 17.5.2.0
MinimumVisualStudioVersion = 10.0.40219.1
Project("{2150E333-8FDC-42A3-9474-1A3956D46DE8}") = "tests", "tests", "{0AB3BF05-4346-4AA6-1389-037BE0695223}"
EndProject
Project("{2150E333-8FDC-42A3-9474-1A3956D46DE8}") = "src", "src", "{827E0CD3-B72D-47B6-A68D-7590B98EB39B}"
EndProject
Project("{FAE04EC0-301F-11D3-BF4B-00C04F79EFBC}") = "UiS.Dat240.Lab1.Tests", "tests\UiS.Dat240.Lab1.Tests\UiS.Dat240.Lab1.Tests.csproj", "{CFE4741C-9895-C82C-4C75-90C18A8F327F}"
EndProject
Project("{FAE04EC0-301F-11D3-BF4B-00C04F79EFBC}") = "UiS.Dat240.Lab1.Domain", "src\UiS.Dat240.Lab1.Domain\UiS.Dat240.Lab1.Domain.csproj", "{30AD30DE-3446-0940-1A41-32979C6A8409}"
EndProject
Project("{FAE04EC0-301F-11D3-BF4B-00C04F79EFBC}") = "UiS.Dat240.Lab1.Console", "src\UiS.Dat240.Lab1.Console\UiS.Dat240.Lab1.Console.csproj", "{03BE5425-CAE6-2E84-79AF-086E65CF9860}"
EndProject
Global
	GlobalSection(SolutionConfigurationPlatforms) = preSolution
		Debug|Any CPU = Debug|Any CPU
		Release|Any CPU = Release|Any CPU
	EndGlobalSection
	GlobalSection(ProjectConfigurationPlatforms) = postSolution
		{CFE4741C-9895-C82C-4C75-90C18A8F327F}.Debug|Any CPU.ActiveCfg = Debug|Any CPU
		{CFE4741C-9895-C82C-4C75-90C18A8F327F}.Debug|Any CPU.Build.0 = Debug|Any CPU
		{CFE4741C-9895-C82C-4C75-90C18A8F327F}.Release|Any CPU.ActiveCfg = Release|Any CPU
		{CFE4741C-9895-C82C-4C75-90C18A8F327F}.Release|Any CPU.Build.0 = Release|Any CPU
		{30AD30DE-3446-0940-1A41-32979C6A8409}.Debug|Any CPU.ActiveCfg = Debug|Any CPU
		{30AD30DE-3446-0940-1A41-32979C6A8409}.Debug|Any CPU.Build.0 = Debug|Any CPU
		{30AD30DE-3446-0940-1A41-32979C6A8409}.Release|Any CPU.ActiveCfg = Release|Any CPU
		{30AD30DE-3446-0940-1A41-32979C6A8409}.Release|Any CPU.Build.0 = Release|Any CPU
		{03BE5425-CAE6-2E84-79AF-086E65CF9860}.Debug|Any CPU.ActiveCfg = Debug|Any CPU
		{03BE5425-CAE6-2E84-79AF-086E65CF9860}.Debug|Any CPU.Build.0 = Debug|Any CPU
		{03BE5425-CAE6-2E84-79AF-086E65CF9860}.Release|Any CPU.ActiveCfg = Release|Any CPU
		{03BE5425-CAE6-2E84-79AF-086E65CF9860}.Release|Any CPU.Build.0 = Release|Any CPU
	EndGlobalSection
	GlobalSection(SolutionProperties) = preSolution
		HideSolutionNode = FALSE
	EndGlobalSection
	GlobalSection(NestedProjects) = preSolution
		{CFE4741C-9895-C82C-4C75-90C18A8F327F} = {0AB3BF05-4346-4AA6-1389-037BE0695223}
		{30AD30DE-3446-0940-1A41-32979C6A8409} = {827E0CD3-B72D-47B6-A68D-7590B98EB39B}
		{03BE5425-CAE6-2E84-79AF-086E65CF9860} = {827E0CD3-B72D-47B6-A68D-7590B98EB39B}
	EndGlobalSection
	GlobalSection(ExtensibilityGlobals) = postSolution
		SolutionGuid = {FF6D0C38-0B1F-419D-B78E-3A0A56E8997E}
	EndGlobalSection
EndGlobal
